
Microsoft Visual Studio Solution File, Format Version 12.00
# Visual Studio 15
VisualStudioVersion = 15.0.27004.2009
MinimumVisualStudioVersion = 10.0.40219.1
Project("{FAE04EC0-301F-11D3-BF4B-00C04F79EFBC}") = "PAD", "PAD\PAD.csproj", "{9F3B73E0-5952-4926-B275-EE7BC5B41BC3}"
EndProject
Global
	GlobalSection(SolutionConfigurationPlatforms) = preSolution
		Debug|Any CPU = Debug|Any CPU
		Release|Any CPU = Release|Any CPU
	EndGlobalSection
	GlobalSection(ProjectConfigurationPlatforms) = postSolution
		{9F3B73E0-5952-4926-B275-EE7BC5B41BC3}.Debug|Any CPU.ActiveCfg = Debug|Any CPU
		{9F3B73E0-5952-4926-B275-EE7BC5B41BC3}.Debug|Any CPU.Build.0 = Debug|Any CPU
		{9F3B73E0-5952-4926-B275-EE7BC5B41BC3}.Release|Any CPU.ActiveCfg = Release|Any CPU
		{9F3B73E0-5952-4926-B275-EE7BC5B41BC3}.Release|Any CPU.Build.0 = Release|Any CPU
	EndGlobalSection
	GlobalSection(SolutionProperties) = preSolution
		HideSolutionNode = FALSE
	EndGlobalSection
	GlobalSection(ExtensibilityGlobals) = postSolution
		SolutionGuid = {2A1FB1C7-A646-41A9-AE78-C69BA6DD1558}
	EndGlobalSection
EndGlobal
