
Microsoft Visual Studio Solution File, Format Version 12.00
# Visual Studio 15
VisualStudioVersion = 15.0.27004.2009
MinimumVisualStudioVersion = 10.0.40219.1
Project("{FAE04EC0-301F-11D3-BF4B-00C04F79EFBC}") = "Bling Frames", "Bling Frames\Bling Frames.csproj", "{553FFDE5-4EC7-4333-BF92-459F2A492D84}"
EndProject
Global
	GlobalSection(SolutionConfigurationPlatforms) = preSolution
		Debug|Any CPU = Debug|Any CPU
		Release|Any CPU = Release|Any CPU
	EndGlobalSection
	GlobalSection(ProjectConfigurationPlatforms) = postSolution
		{553FFDE5-4EC7-4333-BF92-459F2A492D84}.Debug|Any CPU.ActiveCfg = Debug|Any CPU
		{553FFDE5-4EC7-4333-BF92-459F2A492D84}.Debug|Any CPU.Build.0 = Debug|Any CPU
		{553FFDE5-4EC7-4333-BF92-459F2A492D84}.Release|Any CPU.ActiveCfg = Release|Any CPU
		{553FFDE5-4EC7-4333-BF92-459F2A492D84}.Release|Any CPU.Build.0 = Release|Any CPU
	EndGlobalSection
	GlobalSection(SolutionProperties) = preSolution
		HideSolutionNode = FALSE
	EndGlobalSection
	GlobalSection(ExtensibilityGlobals) = postSolution
		SolutionGuid = {7D65C75C-2456-451B-B5C1-FA73FFAA0F5F}
	EndGlobalSection
EndGlobal
