
Microsoft Visual Studio Solution File, Format Version 12.00
# Visual Studio 15
VisualStudioVersion = 15.0.27004.2009
MinimumVisualStudioVersion = 10.0.40219.1
Project("{FAE04EC0-301F-11D3-BF4B-00C04F79EFBC}") = "Binary Enconder Test", "Binary Enconder Test\Binary Enconder Test.csproj", "{1C8069FD-9ECE-4F16-8DB0-290823D41F3A}"
EndProject
Global
	GlobalSection(SolutionConfigurationPlatforms) = preSolution
		Debug|Any CPU = Debug|Any CPU
		Release|Any CPU = Release|Any CPU
	EndGlobalSection
	GlobalSection(ProjectConfigurationPlatforms) = postSolution
		{1C8069FD-9ECE-4F16-8DB0-290823D41F3A}.Debug|Any CPU.ActiveCfg = Debug|Any CPU
		{1C8069FD-9ECE-4F16-8DB0-290823D41F3A}.Debug|Any CPU.Build.0 = Debug|Any CPU
		{1C8069FD-9ECE-4F16-8DB0-290823D41F3A}.Release|Any CPU.ActiveCfg = Release|Any CPU
		{1C8069FD-9ECE-4F16-8DB0-290823D41F3A}.Release|Any CPU.Build.0 = Release|Any CPU
	EndGlobalSection
	GlobalSection(SolutionProperties) = preSolution
		HideSolutionNode = FALSE
	EndGlobalSection
	GlobalSection(ExtensibilityGlobals) = postSolution
		SolutionGuid = {F73E246B-7C17-4ECD-B240-D1DF7CA6DD51}
	EndGlobalSection
EndGlobal
